// !$*UTF8*$!
{
	archiveVersion = 1;
	classes = {
	};
	objectVersion = 50;
	objects = {

/* Begin PBXBuildFile section */
		19225FC7214A45BA0055E0CB /* AppDelegate.swift in Sources */ = {isa = PBXBuildFile; fileRef = 19225FC6214A45BA0055E0CB /* AppDelegate.swift */; };
		19225FC9214A45BA0055E0CB /* ViewController.swift in Sources */ = {isa = PBXBuildFile; fileRef = 19225FC8214A45BA0055E0CB /* ViewController.swift */; };
		19225FCC214A45BA0055E0CB /* Main.storyboard in Resources */ = {isa = PBXBuildFile; fileRef = 19225FCA214A45BA0055E0CB /* Main.storyboard */; };
		19225FCE214A45BD0055E0CB /* Assets.xcassets in Resources */ = {isa = PBXBuildFile; fileRef = 19225FCD214A45BD0055E0CB /* Assets.xcassets */; };
		19225FD1214A45BD0055E0CB /* LaunchScreen.storyboard in Resources */ = {isa = PBXBuildFile; fileRef = 19225FCF214A45BD0055E0CB /* LaunchScreen.storyboard */; };
		19225FDA214A48B80055E0CB /* logo.gif in Resources */ = {isa = PBXBuildFile; fileRef = 19225FD9214A48B80055E0CB /* logo.gif */; };
		19225FDC214A69610055E0CB /* LogoAnimationView.swift in Sources */ = {isa = PBXBuildFile; fileRef = 19225FDB214A69610055E0CB /* LogoAnimationView.swift */; };
		19DB2254214ADEA100EA1890 /* UIView+Constraints.swift in Sources */ = {isa = PBXBuildFile; fileRef = 19DB2253214ADEA100EA1890 /* UIView+Constraints.swift */; };
		3B4EDCCF897EB4799FD3B6A0 /* Pods_AnimatedGifLaunchScreen_Example.framework in Frameworks */ = {isa = PBXBuildFile; fileRef = 16FC1799FC38505A484CCB36 /* Pods_AnimatedGifLaunchScreen_Example.framework */; };
/* End PBXBuildFile section */

/* Begin PBXFileReference section */
		16FC1799FC38505A484CCB36 /* Pods_AnimatedGifLaunchScreen_Example.framework */ = {isa = PBXFileReference; explicitFileType = wrapper.framework; includeInIndex = 0; path = Pods_AnimatedGifLaunchScreen_Example.framework; sourceTree = BUILT_PRODUCTS_DIR; };
		19225FC3214A45BA0055E0CB /* AnimatedGifLaunchScreen-Example.app */ = {isa = PBXFileReference; explicitFileType = wrapper.application; includeInIndex = 0; path = "AnimatedGifLaunchScreen-Example.app"; sourceTree = BUILT_PRODUCTS_DIR; };
		19225FC6214A45BA0055E0CB /* AppDelegate.swift */ = {isa = PBXFileReference; lastKnownFileType = sourcecode.swift; path = AppDelegate.swift; sourceTree = "<group>"; };
		19225FC8214A45BA0055E0CB /* ViewController.swift */ = {isa = PBXFileReference; lastKnownFileType = sourcecode.swift; path = ViewController.swift; sourceTree = "<group>"; };
		19225FCB214A45BA0055E0CB /* Base */ = {isa = PBXFileReference; lastKnownFileType = file.storyboard; name = Base; path = Base.lproj/Main.storyboard; sourceTree = "<group>"; };
		19225FCD214A45BD0055E0CB /* Assets.xcassets */ = {isa = PBXFileReference; lastKnownFileType = folder.assetcatalog; path = Assets.xcassets; sourceTree = "<group>"; };
		19225FD0214A45BD0055E0CB /* Base */ = {isa = PBXFileReference; lastKnownFileType = file.storyboard; name = Base; path = Base.lproj/LaunchScreen.storyboard; sourceTree = "<group>"; };
		19225FD2214A45BD0055E0CB /* Info.plist */ = {isa = PBXFileReference; lastKnownFileType = text.plist.xml; path = Info.plist; sourceTree = "<group>"; };
		19225FD9214A48B80055E0CB /* logo.gif */ = {isa = PBXFileReference; lastKnownFileType = image.gif; path = logo.gif; sourceTree = "<group>"; };
		19225FDB214A69610055E0CB /* LogoAnimationView.swift */ = {isa = PBXFileReference; lastKnownFileType = sourcecode.swift; path = LogoAnimationView.swift; sourceTree = "<group>"; };
		19DB2253214ADEA100EA1890 /* UIView+Constraints.swift */ = {isa = PBXFileReference; lastKnownFileType = sourcecode.swift; path = "UIView+Constraints.swift"; sourceTree = "<group>"; };
		A3B017703E0728721A1FEC04 /* Pods-AnimatedGifLaunchScreen-Example.release.xcconfig */ = {isa = PBXFileReference; includeInIndex = 1; lastKnownFileType = text.xcconfig; name = "Pods-AnimatedGifLaunchScreen-Example.release.xcconfig"; path = "Pods/Target Support Files/Pods-AnimatedGifLaunchScreen-Example/Pods-AnimatedGifLaunchScreen-Example.release.xcconfig"; sourceTree = "<group>"; };
		B0AF985A42FC9B10231B3BD9 /* Pods-AnimatedGifLaunchScreen-Example.debug.xcconfig */ = {isa = PBXFileReference; includeInIndex = 1; lastKnownFileType = text.xcconfig; name = "Pods-AnimatedGifLaunchScreen-Example.debug.xcconfig"; path = "Pods/Target Support Files/Pods-AnimatedGifLaunchScreen-Example/Pods-AnimatedGifLaunchScreen-Example.debug.xcconfig"; sourceTree = "<group>"; };
/* End PBXFileReference section */

/* Begin PBXFrameworksBuildPhase section */
		19225FC0214A45BA0055E0CB /* Frameworks */ = {
			isa = PBXFrameworksBuildPhase;
			buildActionMask = 2147483647;
			files = (
				3B4EDCCF897EB4799FD3B6A0 /* Pods_AnimatedGifLaunchScreen_Example.framework in Frameworks */,
			);
			runOnlyForDeploymentPostprocessing = 0;
		};
/* End PBXFrameworksBuildPhase section */

/* Begin PBXGroup section */
		19225FBA214A45BA0055E0CB = {
			isa = PBXGroup;
			children = (
				19225FC5214A45BA0055E0CB /* AnimatedGifLaunchScreen-Example */,
				19225FC4214A45BA0055E0CB /* Products */,
				D51E059568D347071CA34132 /* Pods */,
				8604CDCDB5FC57A3C63F42F1 /* Frameworks */,
			);
			sourceTree = "<group>";
		};
		19225FC4214A45BA0055E0CB /* Products */ = {
			isa = PBXGroup;
			children = (
				19225FC3214A45BA0055E0CB /* AnimatedGifLaunchScreen-Example.app */,
			);
			name = Products;
			sourceTree = "<group>";
		};
		19225FC5214A45BA0055E0CB /* AnimatedGifLaunchScreen-Example */ = {
			isa = PBXGroup;
			children = (
				19225FC6214A45BA0055E0CB /* AppDelegate.swift */,
				19225FC8214A45BA0055E0CB /* ViewController.swift */,
				19225FDB214A69610055E0CB /* LogoAnimationView.swift */,
				19DB2253214ADEA100EA1890 /* UIView+Constraints.swift */,
				19225FCA214A45BA0055E0CB /* Main.storyboard */,
				19225FD9214A48B80055E0CB /* logo.gif */,
				19225FCD214A45BD0055E0CB /* Assets.xcassets */,
				19225FCF214A45BD0055E0CB /* LaunchScreen.storyboard */,
				19225FD2214A45BD0055E0CB /* Info.plist */,
			);
			path = "AnimatedGifLaunchScreen-Example";
			sourceTree = "<group>";
		};
		8604CDCDB5FC57A3C63F42F1 /* Frameworks */ = {
			isa = PBXGroup;
			children = (
				16FC1799FC38505A484CCB36 /* Pods_AnimatedGifLaunchScreen_Example.framework */,
			);
			name = Frameworks;
			sourceTree = "<group>";
		};
		D51E059568D347071CA34132 /* Pods */ = {
			isa = PBXGroup;
			children = (
				B0AF985A42FC9B10231B3BD9 /* Pods-AnimatedGifLaunchScreen-Example.debug.xcconfig */,
				A3B017703E0728721A1FEC04 /* Pods-AnimatedGifLaunchScreen-Example.release.xcconfig */,
			);
			name = Pods;
			sourceTree = "<group>";
		};
/* End PBXGroup section */

/* Begin PBXNativeTarget section */
		19225FC2214A45BA0055E0CB /* AnimatedGifLaunchScreen-Example */ = {
			isa = PBXNativeTarget;
			buildConfigurationList = 19225FD5214A45BD0055E0CB /* Build configuration list for PBXNativeTarget "AnimatedGifLaunchScreen-Example" */;
			buildPhases = (
				1ADA6F5A9F6B14C13AF43C44 /* [CP] Check Pods Manifest.lock */,
				19225FBF214A45BA0055E0CB /* Sources */,
				19225FC0214A45BA0055E0CB /* Frameworks */,
				19225FC1214A45BA0055E0CB /* Resources */,
				2E2E1CBB6F2016205DB3FE31 /* [CP] Embed Pods Frameworks */,
			);
			buildRules = (
			);
			dependencies = (
			);
			name = "AnimatedGifLaunchScreen-Example";
			productName = "AnimatedGifLaunchScreen-Example";
			productReference = 19225FC3214A45BA0055E0CB /* AnimatedGifLaunchScreen-Example.app */;
			productType = "com.apple.product-type.application";
		};
/* End PBXNativeTarget section */

/* Begin PBXProject section */
		19225FBB214A45BA0055E0CB /* Project object */ = {
			isa = PBXProject;
			attributes = {
				LastSwiftUpdateCheck = 0940;
				LastUpgradeCheck = 0940;
				ORGANIZATIONNAME = "Amer Hukic";
				TargetAttributes = {
					19225FC2214A45BA0055E0CB = {
						CreatedOnToolsVersion = 9.4.1;
						LastSwiftMigration = 1000;
					};
				};
			};
			buildConfigurationList = 19225FBE214A45BA0055E0CB /* Build configuration list for PBXProject "AnimatedGifLaunchScreen-Example" */;
			compatibilityVersion = "Xcode 9.3";
			developmentRegion = en;
			hasScannedForEncodings = 0;
			knownRegions = (
				en,
				Base,
			);
			mainGroup = 19225FBA214A45BA0055E0CB;
			productRefGroup = 19225FC4214A45BA0055E0CB /* Products */;
			projectDirPath = "";
			projectRoot = "";
			targets = (
				19225FC2214A45BA0055E0CB /* AnimatedGifLaunchScreen-Example */,
			);
		};
/* End PBXProject section */

/* Begin PBXResourcesBuildPhase section */
		19225FC1214A45BA0055E0CB /* Resources */ = {
			isa = PBXResourcesBuildPhase;
			buildActionMask = 2147483647;
			files = (
				19225FD1214A45BD0055E0CB /* LaunchScreen.storyboard in Resources */,
				19225FDA214A48B80055E0CB /* logo.gif in Resources */,
				19225FCE214A45BD0055E0CB /* Assets.xcassets in Resources */,
				19225FCC214A45BA0055E0CB /* Main.storyboard in Resources */,
			);
			runOnlyForDeploymentPostprocessing = 0;
		};
/* End PBXResourcesBuildPhase section */

/* Begin PBXShellScriptBuildPhase section */
		1ADA6F5A9F6B14C13AF43C44 /* [CP] Check Pods Manifest.lock */ = {
			isa = PBXShellScriptBuildPhase;
			buildActionMask = 2147483647;
			files = (
			);
			inputPaths = (
				"${PODS_PODFILE_DIR_PATH}/Podfile.lock",
				"${PODS_ROOT}/Manifest.lock",
			);
			name = "[CP] Check Pods Manifest.lock";
			outputPaths = (
				"$(DERIVED_FILE_DIR)/Pods-AnimatedGifLaunchScreen-Example-checkManifestLockResult.txt",
			);
			runOnlyForDeploymentPostprocessing = 0;
			shellPath = /bin/sh;
			shellScript = "diff \"${PODS_PODFILE_DIR_PATH}/Podfile.lock\" \"${PODS_ROOT}/Manifest.lock\" > /dev/null\nif [ $? != 0 ] ; then\n    # print error to STDERR\n    echo \"error: The sandbox is not in sync with the Podfile.lock. Run 'pod install' or update your CocoaPods installation.\" >&2\n    exit 1\nfi\n# This output is used by Xcode 'outputs' to avoid re-running this script phase.\necho \"SUCCESS\" > \"${SCRIPT_OUTPUT_FILE_0}\"\n";
			showEnvVarsInLog = 0;
		};
		2E2E1CBB6F2016205DB3FE31 /* [CP] Embed Pods Frameworks */ = {
			isa = PBXShellScriptBuildPhase;
			buildActionMask = 2147483647;
			files = (
			);
			inputPaths = (
				"${PODS_ROOT}/Target Support Files/Pods-AnimatedGifLaunchScreen-Example/Pods-AnimatedGifLaunchScreen-Example-frameworks.sh",
				"${BUILT_PRODUCTS_DIR}/SwiftyGif/SwiftyGif.framework",
			);
			name = "[CP] Embed Pods Frameworks";
			outputPaths = (
				"${TARGET_BUILD_DIR}/${FRAMEWORKS_FOLDER_PATH}/SwiftyGif.framework",
			);
			runOnlyForDeploymentPostprocessing = 0;
			shellPath = /bin/sh;
			shellScript = "\"${PODS_ROOT}/Target Support Files/Pods-AnimatedGifLaunchScreen-Example/Pods-AnimatedGifLaunchScreen-Example-frameworks.sh\"\n";
			showEnvVarsInLog = 0;
		};
/* End PBXShellScriptBuildPhase section */

/* Begin PBXSourcesBuildPhase section */
		19225FBF214A45BA0055E0CB /* Sources */ = {
			isa = PBXSourcesBuildPhase;
			buildActionMask = 2147483647;
			files = (
				19225FC9214A45BA0055E0CB /* ViewController.swift in Sources */,
				19225FC7214A45BA0055E0CB /* AppDelegate.swift in Sources */,
				19225FDC214A69610055E0CB /* LogoAnimationView.swift in Sources */,
				19DB2254214ADEA100EA1890 /* UIView+Constraints.swift in Sources */,
			);
			runOnlyForDeploymentPostprocessing = 0;
		};
/* End PBXSourcesBuildPhase section */

/* Begin PBXVariantGroup section */
		19225FCA214A45BA0055E0CB /* Main.storyboard */ = {
			isa = PBXVariantGroup;
			children = (
				19225FCB214A45BA0055E0CB /* Base */,
			);
			name = Main.storyboard;
			sourceTree = "<group>";
		};
		19225FCF214A45BD0055E0CB /* LaunchScreen.storyboard */ = {
			isa = PBXVariantGroup;
			children = (
				19225FD0214A45BD0055E0CB /* Base */,
			);
			name = LaunchScreen.storyboard;
			sourceTree = "<group>";
		};
/* End PBXVariantGroup section */

/* Begin XCBuildConfiguration section */
		19225FD3214A45BD0055E0CB /* Debug */ = {
			isa = XCBuildConfiguration;
			buildSettings = {
				ALWAYS_SEARCH_USER_PATHS = NO;
				CLANG_ANALYZER_NONNULL = YES;
				CLANG_ANALYZER_NUMBER_OBJECT_CONVERSION = YES_AGGRESSIVE;
				CLANG_CXX_LANGUAGE_STANDARD = "gnu++14";
				CLANG_CXX_LIBRARY = "libc++";
				CLANG_ENABLE_MODULES = YES;
				CLANG_ENABLE_OBJC_ARC = YES;
				CLANG_ENABLE_OBJC_WEAK = YES;
				CLANG_WARN_BLOCK_CAPTURE_AUTORELEASING = YES;
				CLANG_WARN_BOOL_CONVERSION = YES;
				CLANG_WARN_COMMA = YES;
				CLANG_WARN_CONSTANT_CONVERSION = YES;
				CLANG_WARN_DEPRECATED_OBJC_IMPLEMENTATIONS = YES;
				CLANG_WARN_DIRECT_OBJC_ISA_USAGE = YES_ERROR;
				CLANG_WARN_DOCUMENTATION_COMMENTS = YES;
				CLANG_WARN_EMPTY_BODY = YES;
				CLANG_WARN_ENUM_CONVERSION = YES;
				CLANG_WARN_INFINITE_RECURSION = YES;
				CLANG_WARN_INT_CONVERSION = YES;
				CLANG_WARN_NON_LITERAL_NULL_CONVERSION = YES;
				CLANG_WARN_OBJC_IMPLICIT_RETAIN_SELF = YES;
				CLANG_WARN_OBJC_LITERAL_CONVERSION = YES;
				CLANG_WARN_OBJC_ROOT_CLASS = YES_ERROR;
				CLANG_WARN_RANGE_LOOP_ANALYSIS = YES;
				CLANG_WARN_STRICT_PROTOTYPES = YES;
				CLANG_WARN_SUSPICIOUS_MOVE = YES;
				CLANG_WARN_UNGUARDED_AVAILABILITY = YES_AGGRESSIVE;
				CLANG_WARN_UNREACHABLE_CODE = YES;
				CLANG_WARN__DUPLICATE_METHOD_MATCH = YES;
				CODE_SIGN_IDENTITY = "iPhone Developer";
				COPY_PHASE_STRIP = NO;
				DEBUG_INFORMATION_FORMAT = dwarf;
				ENABLE_STRICT_OBJC_MSGSEND = YES;
				ENABLE_TESTABILITY = YES;
				GCC_C_LANGUAGE_STANDARD = gnu11;
				GCC_DYNAMIC_NO_PIC = NO;
				GCC_NO_COMMON_BLOCKS = YES;
				GCC_OPTIMIZATION_LEVEL = 0;
				GCC_PREPROCESSOR_DEFINITIONS = (
					"DEBUG=1",
					"$(inherited)",
				);
				GCC_WARN_64_TO_32_BIT_CONVERSION = YES;
				GCC_WARN_ABOUT_RETURN_TYPE = YES_ERROR;
				GCC_WARN_UNDECLARED_SELECTOR = YES;
				GCC_WARN_UNINITIALIZED_AUTOS = YES_AGGRESSIVE;
				GCC_WARN_UNUSED_FUNCTION = YES;
				GCC_WARN_UNUSED_VARIABLE = YES;
				IPHONEOS_DEPLOYMENT_TARGET = 11.4;
				MTL_ENABLE_DEBUG_INFO = YES;
				ONLY_ACTIVE_ARCH = YES;
				SDKROOT = iphoneos;
				SWIFT_ACTIVE_COMPILATION_CONDITIONS = DEBUG;
				SWIFT_OPTIMIZATION_LEVEL = "-Onone";
			};
			name = Debug;
		};
		19225FD4214A45BD0055E0CB /* Release */ = {
			isa = XCBuildConfiguration;
			buildSettings = {
				ALWAYS_SEARCH_USER_PATHS = NO;
				CLANG_ANALYZER_NONNULL = YES;
				CLANG_ANALYZER_NUMBER_OBJECT_CONVERSION = YES_AGGRESSIVE;
				CLANG_CXX_LANGUAGE_STANDARD = "gnu++14";
				CLANG_CXX_LIBRARY = "libc++";
				CLANG_ENABLE_MODULES = YES;
				CLANG_ENABLE_OBJC_ARC = YES;
				CLANG_ENABLE_OBJC_WEAK = YES;
				CLANG_WARN_BLOCK_CAPTURE_AUTORELEASING = YES;
				CLANG_WARN_BOOL_CONVERSION = YES;
				CLANG_WARN_COMMA = YES;
				CLANG_WARN_CONSTANT_CONVERSION = YES;
				CLANG_WARN_DEPRECATED_OBJC_IMPLEMENTATIONS = YES;
				CLANG_WARN_DIRECT_OBJC_ISA_USAGE = YES_ERROR;
				CLANG_WARN_DOCUMENTATION_COMMENTS = YES;
				CLANG_WARN_EMPTY_BODY = YES;
				CLANG_WARN_ENUM_CONVERSION = YES;
				CLANG_WARN_INFINITE_RECURSION = YES;
				CLANG_WARN_INT_CONVERSION = YES;
				CLANG_WARN_NON_LITERAL_NULL_CONVERSION = YES;
				CLANG_WARN_OBJC_IMPLICIT_RETAIN_SELF = YES;
				CLANG_WARN_OBJC_LITERAL_CONVERSION = YES;
				CLANG_WARN_OBJC_ROOT_CLASS = YES_ERROR;
				CLANG_WARN_RANGE_LOOP_ANALYSIS = YES;
				CLANG_WARN_STRICT_PROTOTYPES = YES;
				CLANG_WARN_SUSPICIOUS_MOVE = YES;
				CLANG_WARN_UNGUARDED_AVAILABILITY = YES_AGGRESSIVE;
				CLANG_WARN_UNREACHABLE_CODE = YES;
				CLANG_WARN__DUPLICATE_METHOD_MATCH = YES;
				CODE_SIGN_IDENTITY = "iPhone Developer";
				COPY_PHASE_STRIP = NO;
				DEBUG_INFORMATION_FORMAT = "dwarf-with-dsym";
				ENABLE_NS_ASSERTIONS = NO;
				ENABLE_STRICT_OBJC_MSGSEND = YES;
				GCC_C_LANGUAGE_STANDARD = gnu11;
				GCC_NO_COMMON_BLOCKS = YES;
				GCC_WARN_64_TO_32_BIT_CONVERSION = YES;
				GCC_WARN_ABOUT_RETURN_TYPE = YES_ERROR;
				GCC_WARN_UNDECLARED_SELECTOR = YES;
				GCC_WARN_UNINITIALIZED_AUTOS = YES_AGGRESSIVE;
				GCC_WARN_UNUSED_FUNCTION = YES;
				GCC_WARN_UNUSED_VARIABLE = YES;
				IPHONEOS_DEPLOYMENT_TARGET = 11.4;
				MTL_ENABLE_DEBUG_INFO = NO;
				SDKROOT = iphoneos;
				SWIFT_COMPILATION_MODE = wholemodule;
				SWIFT_OPTIMIZATION_LEVEL = "-O";
				VALIDATE_PRODUCT = YES;
			};
			name = Release;
		};
		19225FD6214A45BD0055E0CB /* Debug */ = {
			isa = XCBuildConfiguration;
			baseConfigurationReference = B0AF985A42FC9B10231B3BD9 /* Pods-AnimatedGifLaunchScreen-Example.debug.xcconfig */;
			buildSettings = {
				ASSETCATALOG_COMPILER_APPICON_NAME = AppIcon;
				CODE_SIGN_STYLE = Automatic;
				DEVELOPMENT_TEAM = TSG7U2M54S;
				INFOPLIST_FILE = "AnimatedGifLaunchScreen-Example/Info.plist";
				IPHONEOS_DEPLOYMENT_TARGET = 11.0;
				LD_RUNPATH_SEARCH_PATHS = (
					"$(inherited)",
					"@executable_path/Frameworks",
				);
				PRODUCT_BUNDLE_IDENTIFIER = "ba.amerhukic.AnimatedGifLaunchScreen-Example";
				PRODUCT_NAME = "$(TARGET_NAME)";
				SWIFT_VERSION = 4.2;
				TARGETED_DEVICE_FAMILY = "1,2";
			};
			name = Debug;
		};
		19225FD7214A45BD0055E0CB /* Release */ = {
			isa = XCBuildConfiguration;
			baseConfigurationReference = A3B017703E0728721A1FEC04 /* Pods-AnimatedGifLaunchScreen-Example.release.xcconfig */;
			buildSettings = {
				ASSETCATALOG_COMPILER_APPICON_NAME = AppIcon;
				CODE_SIGN_STYLE = Automatic;
				DEVELOPMENT_TEAM = TSG7U2M54S;
				INFOPLIST_FILE = "AnimatedGifLaunchScreen-Example/Info.plist";
				IPHONEOS_DEPLOYMENT_TARGET = 11.0;
				LD_RUNPATH_SEARCH_PATHS = (
					"$(inherited)",
					"@executable_path/Frameworks",
				);
				PRODUCT_BUNDLE_IDENTIFIER = "ba.amerhukic.AnimatedGifLaunchScreen-Example";
				PRODUCT_NAME = "$(TARGET_NAME)";
				SWIFT_VERSION = 4.2;
				TARGETED_DEVICE_FAMILY = "1,2";
			};
			name = Release;
		};
/* End XCBuildConfiguration section */

/* Begin XCConfigurationList section */
		19225FBE214A45BA0055E0CB /* Build configuration list for PBXProject "AnimatedGifLaunchScreen-Example" */ = {
			isa = XCConfigurationList;
			buildConfigurations = (
				19225FD3214A45BD0055E0CB /* Debug */,
				19225FD4214A45BD0055E0CB /* Release */,
			);
			defaultConfigurationIsVisible = 0;
			defaultConfigurationName = Release;
		};
		19225FD5214A45BD0055E0CB /* Build configuration list for PBXNativeTarget "AnimatedGifLaunchScreen-Example" */ = {
			isa = XCConfigurationList;
			buildConfigurations = (
				19225FD6214A45BD0055E0CB /* Debug */,
				19225FD7214A45BD0055E0CB /* Release */,
			);
			defaultConfigurationIsVisible = 0;
			defaultConfigurationName = Release;
		};
/* End XCConfigurationList section */
	};
	rootObject = 19225FBB214A45BA0055E0CB /* Project object */;
}
